
Microsoft Visual Studio Solution File, Format Version 12.00
Project("{FAE04EC0-301F-11D3-BF4B-00C04F79EFBC}") = "AIDA64.SensorValues", "AIDA64.SensorValues\AIDA64.SensorValues.csproj", "{B9ADE537-6F10-41C9-848F-1EED83E5F729}"
EndProject
Project("{2150E333-8FDC-42A3-9474-1A3956D46DE8}") = "src", "src", "{800039C6-CB46-48BA-9062-136940F9712C}"
EndProject
Project("{2150E333-8FDC-42A3-9474-1A3956D46DE8}") = "test", "test", "{A171009E-35F6-4D37-9926-ADF2923A4049}"
EndProject
Project("{FAE04EC0-301F-11D3-BF4B-00C04F79EFBC}") = "AIDA64.Tests", "AIDA64.Tests\AIDA64.Tests.csproj", "{9192A0CE-E091-4E60-95A5-21DC25132276}"
EndProject
Project("{FAE04EC0-301F-11D3-BF4B-00C04F79EFBC}") = "AIDA64.Benchmark", "AIDA64.Benchmark\AIDA64.Benchmark.csproj", "{7014C4CF-0C2C-4930-9E49-9BF30C8B1393}"
EndProject
Global
	GlobalSection(SolutionConfigurationPlatforms) = preSolution
		Debug|Any CPU = Debug|Any CPU
		Release|Any CPU = Release|Any CPU
	EndGlobalSection
	GlobalSection(ProjectConfigurationPlatforms) = postSolution
		{B9ADE537-6F10-41C9-848F-1EED83E5F729}.Debug|Any CPU.ActiveCfg = Debug|Any CPU
		{B9ADE537-6F10-41C9-848F-1EED83E5F729}.Debug|Any CPU.Build.0 = Debug|Any CPU
		{B9ADE537-6F10-41C9-848F-1EED83E5F729}.Release|Any CPU.ActiveCfg = Release|Any CPU
		{B9ADE537-6F10-41C9-848F-1EED83E5F729}.Release|Any CPU.Build.0 = Release|Any CPU
		{9192A0CE-E091-4E60-95A5-21DC25132276}.Debug|Any CPU.ActiveCfg = Debug|Any CPU
		{9192A0CE-E091-4E60-95A5-21DC25132276}.Debug|Any CPU.Build.0 = Debug|Any CPU
		{9192A0CE-E091-4E60-95A5-21DC25132276}.Release|Any CPU.ActiveCfg = Release|Any CPU
		{9192A0CE-E091-4E60-95A5-21DC25132276}.Release|Any CPU.Build.0 = Release|Any CPU
		{7014C4CF-0C2C-4930-9E49-9BF30C8B1393}.Debug|Any CPU.ActiveCfg = Debug|Any CPU
		{7014C4CF-0C2C-4930-9E49-9BF30C8B1393}.Debug|Any CPU.Build.0 = Debug|Any CPU
		{7014C4CF-0C2C-4930-9E49-9BF30C8B1393}.Release|Any CPU.ActiveCfg = Release|Any CPU
		{7014C4CF-0C2C-4930-9E49-9BF30C8B1393}.Release|Any CPU.Build.0 = Release|Any CPU
	EndGlobalSection
	GlobalSection(NestedProjects) = preSolution
		{B9ADE537-6F10-41C9-848F-1EED83E5F729} = {800039C6-CB46-48BA-9062-136940F9712C}
		{9192A0CE-E091-4E60-95A5-21DC25132276} = {A171009E-35F6-4D37-9926-ADF2923A4049}
		{7014C4CF-0C2C-4930-9E49-9BF30C8B1393} = {A171009E-35F6-4D37-9926-ADF2923A4049}
	EndGlobalSection
EndGlobal
